
Microsoft Visual Studio Solution File, Format Version 12.00
# Visual Studio Version 17
VisualStudioVersion = 17.13.35931.197 d17.13
MinimumVisualStudioVersion = 10.0.40219.1
Project("{FAE04EC0-301F-11D3-BF4B-00C04F79EFBC}") = "backend", "backend.csproj", "{BF37FF5D-4768-4935-9426-5946BB219676}"
EndProject
Global
	GlobalSection(SolutionConfigurationPlatforms) = preSolution
		Debug|Any CPU = Debug|Any CPU
		Release|Any CPU = Release|Any CPU
	EndGlobalSection
	GlobalSection(ProjectConfigurationPlatforms) = postSolution
		{BF37FF5D-4768-4935-9426-5946BB219676}.Debug|Any CPU.ActiveCfg = Debug|Any CPU
		{BF37FF5D-4768-4935-9426-5946BB219676}.Debug|Any CPU.Build.0 = Debug|Any CPU
		{BF37FF5D-4768-4935-9426-5946BB219676}.Release|Any CPU.ActiveCfg = Release|Any CPU
		{BF37FF5D-4768-4935-9426-5946BB219676}.Release|Any CPU.Build.0 = Release|Any CPU
	EndGlobalSection
	GlobalSection(SolutionProperties) = preSolution
		HideSolutionNode = FALSE
	EndGlobalSection
	GlobalSection(ExtensibilityGlobals) = postSolution
		SolutionGuid = {DF404C35-C452-4C97-A887-1905F02777A0}
	EndGlobalSection
EndGlobal
